{
  "object": {
    "pins": [
      {
        "package": "CommonMark",
        "repositoryURL": "https://github.com/SwiftDocOrg/CommonMark.git",
        "state": {
          "branch": null,
          "revision": "347a148fb245aa83327b1765f96143ba39e2f310",
          "version": "0.2.2"
        }
      },
      {
        "package": "cmark",
        "repositoryURL": "https://github.com/SwiftDocOrg/swift-cmark.git",
        "state": {
          "branch": null,
          "revision": "2a766030bee955b4806044fd7aca1b6884475138",
          "version": "0.28.3+20200110.2a76603"
        }
      }
    ]
  },
  "version": 1
}
