{
  "object": {
    "pins": [
      {
        "package": "CommonMark",
        "repositoryURL": "https://github.com/SwiftDocOrg/CommonMark.git",
        "state": {
          "branch": null,
          "revision": "9ff339ed62d7ca4b227262bf4c4de6288c5ec3e8",
          "version": "0.3.0"
        }
      },
      {
        "package": "cmark",
        "repositoryURL": "https://github.com/SwiftDocOrg/swift-cmark.git",
        "state": {
          "branch": null,
          "revision": "2a766030bee955b4806044fd7aca1b6884475138",
          "version": "0.28.3+20200110.2a76603"
        }
      }
    ]
  },
  "version": 1
}
